{
  "nodes": {
    "agenix": {
      "inputs": {
        "darwin": "darwin",
        "home-manager": "home-manager",
        "nixpkgs": "nixpkgs"
      },
      "locked": {
        "lastModified": 1703089996,
        "narHash": "sha256-ipqShkBmHKC9ft1ZAsA6aeKps32k7+XZSPwfxeHLsAU=",
        "rev": "564595d0ad4be7277e07fa63b5a991b3c645655d",
        "revCount": 278,
        "type": "tarball",
        "url": "https://api.flakehub.com/f/pinned/ryantm/agenix/0.15.0/018c881e-46d7-7e8a-88a8-5ee002de40f4/source.tar.gz"
      },
      "original": {
        "type": "tarball",
        "url": "https://flakehub.com/f/ryantm/agenix/0.15.tar.gz"
      }
    },
    "ags": {
      "inputs": {
        "astal": "astal",
        "nixpkgs": [
          "marble",
          "nixpkgs"
        ]
      },
      "locked": {
        "lastModified": 1735485506,
        "narHash": "sha256-7CWr3Q83KnGiLUn0oaboafLMOXQ0X9/fjFRVY1xopbM=",
        "owner": "aylur",
        "repo": "ags",
        "rev": "251d39413543264361898b02035775aa3e46fe52",
        "type": "github"
      },
      "original": {
        "owner": "aylur",
        "repo": "ags",
        "type": "github"
      }
    },
    "astal": {
      "inputs": {
        "nixpkgs": [
          "marble",
          "ags",
          "nixpkgs"
        ]
      },
      "locked": {
        "lastModified": 1735576092,
        "narHash": "sha256-fxj82J3BHVaxUG1/umATdyeLq4xiw2DowJo3g3EeYl4=",
        "owner": "aylur",
        "repo": "astal",
        "rev": "ce9ba0d07b44c52700fef44ea6c9cbad33c3fe44",
        "type": "github"
      },
      "original": {
        "owner": "aylur",
        "repo": "astal",
        "type": "github"
      }
    },
    "automatic-sunset": {
      "inputs": {
        "blueprint": "blueprint",
        "nixpkgs": "nixpkgs_2"
      },
      "locked": {
        "lastModified": 1754043487,
        "narHash": "sha256-+yI8Ws7WFh1n0ZVubywixGSIUKkuYRu1RQ2m75GKGf4=",
        "owner": "teevik",
        "repo": "automatic-sunset",
        "rev": "abbcefce05110333ed3b3c66464c323bfdf050dc",
        "type": "github"
      },
      "original": {
        "owner": "teevik",
        "repo": "automatic-sunset",
        "type": "github"
      }
    },
    "base16-schemes": {
      "flake": false,
      "locked": {
        "lastModified": 1696158499,
        "narHash": "sha256-5yIHgDTPjoX/3oDEfLSQ0eJZdFL1SaCfb9d6M0RmOTM=",
        "owner": "tinted-theming",
        "repo": "base16-schemes",
        "rev": "a9112eaae86d9dd8ee6bb9445b664fba2f94037a",
        "type": "github"
      },
      "original": {
        "owner": "tinted-theming",
        "repo": "base16-schemes",
        "type": "github"
      }
    },
    "betterfox": {
      "inputs": {
        "flake-parts": "flake-parts",
        "import-tree": "import-tree",
        "nixpkgs": "nixpkgs_3",
        "systems": "systems_2"
      },
      "locked": {
        "lastModified": 1760316624,
        "narHash": "sha256-Dcu83UalaiHxevevfqWAnmTcLA4LQwpQyH4FjGuiIO4=",
        "owner": "HeitorAugustoLN",
        "repo": "betterfox-nix",
        "rev": "15d8c5b5fdec16d7ea55fbf5e06cff684db594cb",
        "type": "github"
      },
      "original": {
        "owner": "HeitorAugustoLN",
        "repo": "betterfox-nix",
        "type": "github"
      }
    },
    "blueprint": {
      "inputs": {
        "nixpkgs": [
          "automatic-sunset",
          "nixpkgs"
        ],
        "systems": "systems"
      },
      "locked": {
        "lastModified": 1744632722,
        "narHash": "sha256-0chvqUV1Kzf8BMQ7MsH3CeicJEb2HeCpwliS77FGyfc=",
        "owner": "numtide",
        "repo": "blueprint",
        "rev": "49bbd5d072b577072f4a1d07d4b0621ecce768af",
        "type": "github"
      },
      "original": {
        "owner": "numtide",
        "repo": "blueprint",
        "type": "github"
      }
    },
    "blueprint_2": {
      "inputs": {
        "nixpkgs": [
          "nixpkgs"
        ],
        "systems": "systems_3"
      },
      "locked": {
        "lastModified": 1758687491,
        "narHash": "sha256-sy8Q+MfBe+MZzYj4MJwBDe4lkLnmhy1POO86hWZgqO8=",
        "owner": "numtide",
        "repo": "blueprint",
        "rev": "7ecaeb70f63d14a397c73b38f57177894bb795c8",
        "type": "github"
      },
      "original": {
        "owner": "numtide",
        "repo": "blueprint",
        "type": "github"
      }
    },
    "catppuccin-userstyles": {
      "flake": false,
      "locked": {
        "lastModified": 1759259933,
        "narHash": "sha256-YgHn0psEHNey0NU1IOql1bD4ZFASKC/oTU85E73fU9k=",
        "owner": "catppuccin",
        "repo": "userstyles",
        "rev": "96fe7e8ce63373628d1a7d7d315c606ce3611175",
        "type": "github"
      },
      "original": {
        "owner": "catppuccin",
        "repo": "userstyles",
        "type": "github"
      }
    },
    "chaotic": {
      "inputs": {
        "flake-schemas": "flake-schemas",
        "home-manager": "home-manager_2",
        "jovian": "jovian",
        "nixpkgs": "nixpkgs_4",
        "rust-overlay": "rust-overlay"
      },
      "locked": {
        "lastModified": 1760344646,
        "narHash": "sha256-ong/r42W1SkvQsdX5J8vM0Y4oy/EKTsHh+9ZB4nep4w=",
        "owner": "chaotic-cx",
        "repo": "nyx",
        "rev": "72ee6f4622d41d0b19c2bb4f521ef4cd970424c4",
        "type": "github"
      },
      "original": {
        "owner": "chaotic-cx",
        "ref": "nyxpkgs-unstable",
        "repo": "nyx",
        "type": "github"
      }
    },
    "crane": {
      "locked": {
        "lastModified": 1758215636,
        "narHash": "sha256-8nkzkPbdxze8CxWhKWlcLbJEU1vfLM/nVqRlTy17V54=",
        "owner": "ipetkov",
        "repo": "crane",
        "rev": "a669fe77a8b0cd6f11419d89ea45a16691ca5121",
        "type": "github"
      },
      "original": {
        "owner": "ipetkov",
        "repo": "crane",
        "type": "github"
      }
    },
    "darwin": {
      "inputs": {
        "nixpkgs": [
          "agenix",
          "nixpkgs"
        ]
      },
      "locked": {
        "lastModified": 1673295039,
        "narHash": "sha256-AsdYgE8/GPwcelGgrntlijMg4t3hLFJFCRF3tL5WVjA=",
        "owner": "lnl7",
        "repo": "nix-darwin",
        "rev": "87b9d090ad39b25b2400029c64825fc2a8868943",
        "type": "github"
      },
      "original": {
        "owner": "lnl7",
        "ref": "master",
        "repo": "nix-darwin",
        "type": "github"
      }
    },
    "determinate-nix": {
      "inputs": {
        "flake-parts": "flake-parts_2",
        "git-hooks-nix": "git-hooks-nix",
        "nixpkgs": "nixpkgs_5",
        "nixpkgs-23-11": "nixpkgs-23-11",
        "nixpkgs-regression": "nixpkgs-regression"
      },
      "locked": {
        "lastModified": 1760027527,
        "narHash": "sha256-1aMQb+eSrGDbTrX7PvtpD142CniIvKFxej9hZxBWeMY=",
        "rev": "80d3406e25c753bb5144bef45afe980e6a642c29",
        "revCount": 22421,
        "type": "tarball",
        "url": "https://api.flakehub.com/f/pinned/DeterminateSystems/nix-src/3.11.3/0199c9f4-3aa1-723c-a5e0-be7fb957ff9f/source.tar.gz"
      },
      "original": {
        "type": "tarball",
        "url": "https://flakehub.com/f/DeterminateSystems/nix-src/%2A"
      }
    },
    "discord-userstyle": {
      "flake": false,
      "locked": {
        "narHash": "sha256-aohGUCm6YadZds6eiwnfICb6hc35jIGgGZxQtjrocXA=",
        "type": "file",
        "url": "https://catppuccin.github.io/discord/dist/catppuccin-mocha.theme.css"
      },
      "original": {
        "type": "file",
        "url": "https://catppuccin.github.io/discord/dist/catppuccin-mocha.theme.css"
      }
    },
    "disko": {
      "inputs": {
        "nixpkgs": "nixpkgs_6"
      },
      "locked": {
        "lastModified": 1746728054,
        "narHash": "sha256-eDoSOhxGEm2PykZFa/x9QG5eTH0MJdiJ9aR00VAofXE=",
        "rev": "ff442f5d1425feb86344c028298548024f21256d",
        "revCount": 1236,
        "type": "tarball",
        "url": "https://api.flakehub.com/f/pinned/nix-community/disko/1.12.0/0196b11c-619a-758e-a575-5bc724a22daf/source.tar.gz"
      },
      "original": {
        "type": "tarball",
        "url": "https://flakehub.com/f/nix-community/disko/1.tar.gz"
      }
    },
    "flake-compat": {
      "flake": false,
      "locked": {
        "lastModified": 1696426674,
        "narHash": "sha256-kvjfFW7WAETZlt09AgDn1MrtKzP7t90Vf7vypd3OL1U=",
        "owner": "edolstra",
        "repo": "flake-compat",
        "rev": "0f9255e01c2351cc7d116c072cb317785dd33b33",
        "type": "github"
      },
      "original": {
        "owner": "edolstra",
        "repo": "flake-compat",
        "type": "github"
      }
    },
    "flake-compat_2": {
      "locked": {
        "lastModified": 1746162366,
        "narHash": "sha256-5SSSZ/oQkwfcAz/o/6TlejlVGqeK08wyREBQ5qFFPhM=",
        "owner": "nix-community",
        "repo": "flake-compat",
        "rev": "0f158086a2ecdbb138cd0429410e44994f1b7e4b",
        "type": "github"
      },
      "original": {
        "owner": "nix-community",
        "repo": "flake-compat",
        "type": "github"
      }
    },
    "flake-compat_3": {
      "flake": false,
      "locked": {
        "lastModified": 1733328505,
        "narHash": "sha256-NeCCThCEP3eCl2l/+27kNNK7QrwZB1IJCrXfrbv5oqU=",
        "owner": "edolstra",
        "repo": "flake-compat",
        "rev": "ff81ac966bb2cae68946d5ed5fc4994f96d0ffec",
        "type": "github"
      },
      "original": {
        "owner": "edolstra",
        "repo": "flake-compat",
        "type": "github"
      }
    },
    "flake-compat_4": {
      "locked": {
        "lastModified": 1747046372,
        "narHash": "sha256-CIVLLkVgvHYbgI2UpXvIIBJ12HWgX+fjA8Xf8PUmqCY=",
        "owner": "edolstra",
        "repo": "flake-compat",
        "rev": "9100a0f413b0c601e0533d1d94ffd501ce2e7885",
        "type": "github"
      },
      "original": {
        "owner": "edolstra",
        "repo": "flake-compat",
        "type": "github"
      }
    },
    "flake-parts": {
      "inputs": {
        "nixpkgs-lib": [
          "betterfox",
          "nixpkgs"
        ]
      },
      "locked": {
        "lastModified": 1759362264,
        "narHash": "sha256-wfG0S7pltlYyZTM+qqlhJ7GMw2fTF4mLKCIVhLii/4M=",
        "owner": "hercules-ci",
        "repo": "flake-parts",
        "rev": "758cf7296bee11f1706a574c77d072b8a7baa881",
        "type": "github"
      },
      "original": {
        "owner": "hercules-ci",
        "repo": "flake-parts",
        "type": "github"
      }
    },
    "flake-parts_2": {
      "inputs": {
        "nixpkgs-lib": [
          "determinate-nix",
          "nixpkgs"
        ]
      },
      "locked": {
        "lastModified": 1748821116,
        "narHash": "sha256-F82+gS044J1APL0n4hH50GYdPRv/5JWm34oCJYmVKdE=",
        "rev": "49f0870db23e8c1ca0b5259734a02cd9e1e371a1",
        "revCount": 377,
        "type": "tarball",
        "url": "https://api.flakehub.com/f/pinned/hercules-ci/flake-parts/0.1.377%2Brev-49f0870db23e8c1ca0b5259734a02cd9e1e371a1/01972f28-554a-73f8-91f4-d488cc502f08/source.tar.gz"
      },
      "original": {
        "type": "tarball",
        "url": "https://flakehub.com/f/hercules-ci/flake-parts/0.1"
      }
    },
    "flake-parts_3": {
      "inputs": {
        "nixpkgs-lib": "nixpkgs-lib"
      },
      "locked": {
        "lastModified": 1673362319,
        "narHash": "sha256-Pjp45Vnj7S/b3BRpZEVfdu8sqqA6nvVjvYu59okhOyI=",
        "owner": "hercules-ci",
        "repo": "flake-parts",
        "rev": "82c16f1682cf50c01cb0280b38a1eed202b3fe9f",
        "type": "github"
      },
      "original": {
        "owner": "hercules-ci",
        "repo": "flake-parts",
        "type": "github"
      }
    },
    "flake-schemas": {
      "locked": {
        "lastModified": 1721999734,
        "narHash": "sha256-G5CxYeJVm4lcEtaO87LKzOsVnWeTcHGKbKxNamNWgOw=",
        "rev": "0a5c42297d870156d9c57d8f99e476b738dcd982",
        "revCount": 75,
        "type": "tarball",
        "url": "https://api.flakehub.com/f/pinned/DeterminateSystems/flake-schemas/0.1.5/0190ef2f-61e0-794b-ba14-e82f225e55e6/source.tar.gz"
      },
      "original": {
        "type": "tarball",
        "url": "https://flakehub.com/f/DeterminateSystems/flake-schemas/%3D0.1.5.tar.gz"
      }
    },
    "flake-utils": {
      "inputs": {
        "systems": "systems_4"
      },
      "locked": {
        "lastModified": 1731533236,
        "narHash": "sha256-l0KFg5HjrsfsO/JpG+r7fRrqm12kzFHyUHqHCVpMMbI=",
        "owner": "numtide",
        "repo": "flake-utils",
        "rev": "11707dc2f618dd54ca8739b309ec4fc024de578b",
        "type": "github"
      },
      "original": {
        "owner": "numtide",
        "repo": "flake-utils",
        "type": "github"
      }
    },
    "flake-utils_2": {
      "inputs": {
        "systems": "systems_5"
      },
      "locked": {
        "lastModified": 1731533236,
        "narHash": "sha256-l0KFg5HjrsfsO/JpG+r7fRrqm12kzFHyUHqHCVpMMbI=",
        "owner": "numtide",
        "repo": "flake-utils",
        "rev": "11707dc2f618dd54ca8739b309ec4fc024de578b",
        "type": "github"
      },
      "original": {
        "owner": "numtide",
        "repo": "flake-utils",
        "type": "github"
      }
    },
    "flake-utils_3": {
      "inputs": {
        "systems": [
          "openconnect-sso",
          "systems"
        ]
      },
      "locked": {
        "lastModified": 1710146030,
        "narHash": "sha256-SZ5L6eA7HJ/nmkzGG7/ISclqe6oZdOZTNoesiInkXPQ=",
        "owner": "numtide",
        "repo": "flake-utils",
        "rev": "b1d9ab70662946ef0850d488da1c9019f3a9752a",
        "type": "github"
      },
      "original": {
        "owner": "numtide",
        "repo": "flake-utils",
        "type": "github"
      }
    },
    "flake-utils_4": {
      "inputs": {
        "systems": "systems_7"
      },
      "locked": {
        "lastModified": 1731533236,
        "narHash": "sha256-l0KFg5HjrsfsO/JpG+r7fRrqm12kzFHyUHqHCVpMMbI=",
        "owner": "numtide",
        "repo": "flake-utils",
        "rev": "11707dc2f618dd54ca8739b309ec4fc024de578b",
        "type": "github"
      },
      "original": {
        "owner": "numtide",
        "repo": "flake-utils",
        "type": "github"
      }
    },
    "flake-utils_5": {
      "inputs": {
        "systems": "systems_8"
      },
      "locked": {
        "lastModified": 1731533236,
        "narHash": "sha256-l0KFg5HjrsfsO/JpG+r7fRrqm12kzFHyUHqHCVpMMbI=",
        "owner": "numtide",
        "repo": "flake-utils",
        "rev": "11707dc2f618dd54ca8739b309ec4fc024de578b",
        "type": "github"
      },
      "original": {
        "owner": "numtide",
        "repo": "flake-utils",
        "type": "github"
      }
    },
    "git-hooks-nix": {
      "inputs": {
        "flake-compat": "flake-compat",
        "gitignore": [
          "determinate-nix"
        ],
        "nixpkgs": [
          "determinate-nix",
          "nixpkgs"
        ]
      },
      "locked": {
        "lastModified": 1747372754,
        "narHash": "sha256-2Y53NGIX2vxfie1rOW0Qb86vjRZ7ngizoo+bnXU9D9k=",
        "rev": "80479b6ec16fefd9c1db3ea13aeb038c60530f46",
        "revCount": 1026,
        "type": "tarball",
        "url": "https://api.flakehub.com/f/pinned/cachix/git-hooks.nix/0.1.1026%2Brev-80479b6ec16fefd9c1db3ea13aeb038c60530f46/0196d79a-1b35-7b8e-a021-c894fb62163d/source.tar.gz"
      },
      "original": {
        "type": "tarball",
        "url": "https://flakehub.com/f/cachix/git-hooks.nix/0.1.941"
      }
    },
    "helix": {
      "inputs": {
        "nixpkgs": "nixpkgs_7",
        "rust-overlay": "rust-overlay_2"
      },
      "locked": {
        "lastModified": 1760323106,
        "narHash": "sha256-HqVZwIwpDviDB1daJY/pPzkMKAC+dj5y0rDWEJbuKsE=",
        "owner": "helix-editor",
        "repo": "helix",
        "rev": "10c6a100c6e93b0dc175bf2f8b5a1afd66aebe2a",
        "type": "github"
      },
      "original": {
        "owner": "helix-editor",
        "repo": "helix",
        "type": "github"
      }
    },
    "home-manager": {
      "inputs": {
        "nixpkgs": [
          "agenix",
          "nixpkgs"
        ]
      },
      "locked": {
        "lastModified": 1682203081,
        "narHash": "sha256-kRL4ejWDhi0zph/FpebFYhzqlOBrk0Pl3dzGEKSAlEw=",
        "owner": "nix-community",
        "repo": "home-manager",
        "rev": "32d3e39c491e2f91152c84f8ad8b003420eab0a1",
        "type": "github"
      },
      "original": {
        "owner": "nix-community",
        "repo": "home-manager",
        "type": "github"
      }
    },
    "home-manager_2": {
      "inputs": {
        "nixpkgs": [
          "chaotic",
          "nixpkgs"
        ]
      },
      "locked": {
        "lastModified": 1760312644,
        "narHash": "sha256-U9SkK45314urw9P7MmjhEgiQwwD/BTj+T3HTuz1JU1Q=",
        "owner": "nix-community",
        "repo": "home-manager",
        "rev": "e121f3773fa596ecaba5b22e518936a632d72a90",
        "type": "github"
      },
      "original": {
        "owner": "nix-community",
        "repo": "home-manager",
        "type": "github"
      }
    },
    "home-manager_3": {
      "inputs": {
        "nixpkgs": [
          "nixpkgs"
        ]
      },
      "locked": {
        "lastModified": 1760312644,
        "narHash": "sha256-U9SkK45314urw9P7MmjhEgiQwwD/BTj+T3HTuz1JU1Q=",
        "owner": "nix-community",
        "repo": "home-manager",
        "rev": "e121f3773fa596ecaba5b22e518936a632d72a90",
        "type": "github"
      },
      "original": {
        "owner": "nix-community",
        "repo": "home-manager",
        "type": "github"
      }
    },
    "hyprland-contrib": {
      "inputs": {
        "nixpkgs": "nixpkgs_8"
      },
      "locked": {
        "lastModified": 1759613406,
        "narHash": "sha256-PzgQJydp+RlKvwDi807pXPlURdIAVqLppZDga3DwPqg=",
        "owner": "hyprwm",
        "repo": "contrib",
        "rev": "32e1a75b65553daefb419f0906ce19e04815aa3a",
        "type": "github"
      },
      "original": {
        "owner": "hyprwm",
        "repo": "contrib",
        "type": "github"
      }
    },
    "import-tree": {
      "locked": {
        "lastModified": 1752730890,
        "narHash": "sha256-GES8fapSLGz36MMPRVNkSUWXUTtqvGQNXHjRmRLfJUY=",
        "owner": "vic",
        "repo": "import-tree",
        "rev": "6ebb8cb87987b20264c09296166543fd3761d274",
        "type": "github"
      },
      "original": {
        "owner": "vic",
        "repo": "import-tree",
        "type": "github"
      }
    },
    "iwmenu": {
      "inputs": {
        "flake-utils": "flake-utils",
        "nixpkgs": "nixpkgs_9",
        "rust-overlay": "rust-overlay_3"
      },
      "locked": {
        "lastModified": 1758580591,
        "narHash": "sha256-1fnf5RlXTUA86UyAoCwjJ/XlP+m3rql0IKNT4W3ui/w=",
        "owner": "e-tho",
        "repo": "iwmenu",
        "rev": "91c8637db76d9e3a303e57c01de67d0cf12631b2",
        "type": "github"
      },
      "original": {
        "owner": "e-tho",
        "repo": "iwmenu",
        "type": "github"
      }
    },
    "jovian": {
      "inputs": {
        "nix-github-actions": "nix-github-actions",
        "nixpkgs": [
          "chaotic",
          "nixpkgs"
        ]
      },
      "locked": {
        "lastModified": 1760266702,
        "narHash": "sha256-TP19RpzIyo1JeYAhKii13seYwmhkv7IOD+dCnQOrcgQ=",
        "owner": "Jovian-Experiments",
        "repo": "Jovian-NixOS",
        "rev": "3d7e970d4cac5d3ee3fe7cafa17cc9868fa21fed",
        "type": "github"
      },
      "original": {
        "owner": "Jovian-Experiments",
        "repo": "Jovian-NixOS",
        "type": "github"
      }
    },
    "marble": {
      "inputs": {
        "ags": "ags",
        "nixpkgs": "nixpkgs_11"
      },
      "locked": {
        "lastModified": 1754043644,
        "narHash": "sha256-IIwioFlFe9FyFePqoH4iXXj0xLDkCr7D19EFZWujyOI=",
        "ref": "refs/heads/main",
        "rev": "c9c22a5617b3e13d7b55a797a8eec611ca6e3ae9",
        "revCount": 14,
        "type": "git",
        "url": "ssh://git@github.com/teevik/shell.git"
      },
      "original": {
        "type": "git",
        "url": "ssh://git@github.com/teevik/shell.git"
      }
    },
    "nix-colors": {
      "inputs": {
        "base16-schemes": "base16-schemes",
        "nixpkgs-lib": [
          "nix-userstyles",
          "nixpkgs"
        ]
      },
      "locked": {
        "lastModified": 1707825078,
        "narHash": "sha256-hTfge2J2W+42SZ7VHXkf4kjU+qzFqPeC9k66jAUBMHk=",
        "owner": "misterio77",
        "repo": "nix-colors",
        "rev": "b01f024090d2c4fc3152cd0cf12027a7b8453ba1",
        "type": "github"
      },
      "original": {
        "owner": "misterio77",
        "repo": "nix-colors",
        "type": "github"
      }
    },
    "nix-dram": {
      "inputs": {
        "flake-utils": "flake-utils_2",
        "nixpkgs": "nixpkgs_12"
      },
      "locked": {
        "lastModified": 1754615274,
        "narHash": "sha256-N3MFQ3vx7R1TmVts7RhLLEWwcQyfISjT70mlp4rwtmY=",
        "owner": "dramforever",
        "repo": "nix-dram",
        "rev": "c3d5199bfd0a0b21084c03d751afdea184ca6c69",
        "type": "github"
      },
      "original": {
        "owner": "dramforever",
        "repo": "nix-dram",
        "type": "github"
      }
    },
    "nix-github-actions": {
      "inputs": {
        "nixpkgs": [
          "chaotic",
          "jovian",
          "nixpkgs"
        ]
      },
      "locked": {
        "lastModified": 1729697500,
        "narHash": "sha256-VFTWrbzDlZyFHHb1AlKRiD/qqCJIripXKiCSFS8fAOY=",
        "owner": "zhaofengli",
        "repo": "nix-github-actions",
        "rev": "e418aeb728b6aa5ca8c5c71974e7159c2df1d8cf",
        "type": "github"
      },
      "original": {
        "owner": "zhaofengli",
        "ref": "matrix-name",
        "repo": "nix-github-actions",
        "type": "github"
      }
    },
    "nix-github-actions_2": {
      "inputs": {
        "nixpkgs": [
          "openconnect-sso",
          "nixpkgs"
        ]
      },
      "locked": {
        "lastModified": 1720066371,
        "narHash": "sha256-uPlLYH2S0ACj0IcgaK9Lsf4spmJoGejR9DotXiXSBZQ=",
        "owner": "nix-community",
        "repo": "nix-github-actions",
        "rev": "622f829f5fe69310a866c8a6cd07e747c44ef820",
        "type": "github"
      },
      "original": {
        "owner": "nix-community",
        "repo": "nix-github-actions",
        "type": "github"
      }
    },
    "nix-index-database": {
      "inputs": {
        "nixpkgs": "nixpkgs_13"
      },
      "locked": {
        "lastModified": 1760241904,
        "narHash": "sha256-OD7QnaGEVNdukYEbJbUNWPsvnDrpbZOZxVIk6Pt9Jhw=",
        "owner": "Mic92",
        "repo": "nix-index-database",
        "rev": "c9f5ea45f25652ec2f771f9426ccacb21cbbaeaa",
        "type": "github"
      },
      "original": {
        "owner": "Mic92",
        "repo": "nix-index-database",
        "type": "github"
      }
    },
    "nix-userstyles": {
      "inputs": {
        "catppuccin-userstyles": "catppuccin-userstyles",
        "discord-userstyle": "discord-userstyle",
        "nix-colors": "nix-colors",
        "nixpkgs": "nixpkgs_14"
      },
      "locked": {
        "lastModified": 1759599597,
        "narHash": "sha256-saKCXTAMt+kUlmNDiJWfCOGI1w3LntNI/O5V6YyPfnE=",
        "owner": "knoopx",
        "repo": "nix-userstyles",
        "rev": "05efc53e3a30a778dc51583cc7ca03060231ac78",
        "type": "github"
      },
      "original": {
        "owner": "knoopx",
        "repo": "nix-userstyles",
        "type": "github"
      }
    },
    "nixos-apple-silicon": {
      "inputs": {
        "flake-compat": "flake-compat_2",
        "nixpkgs": [
          "nixpkgs"
        ]
      },
      "locked": {
        "lastModified": 1759818599,
        "narHash": "sha256-4Go3gVl3E+geWMcFQ+06qlkO/lJlSvS9dyhYiXLWYq0=",
        "owner": "nix-community",
        "repo": "nixos-apple-silicon",
        "rev": "24ab28e47b586f741910b3a2f0428f3523a0fff3",
        "type": "github"
      },
      "original": {
        "owner": "nix-community",
        "repo": "nixos-apple-silicon",
        "type": "github"
      }
    },
    "nixos-hardware": {
      "locked": {
        "lastModified": 1760106635,
        "narHash": "sha256-2GoxVaKWTHBxRoeUYSjv0AfSOx4qw5CWSFz2b+VolKU=",
        "owner": "NixOS",
        "repo": "nixos-hardware",
        "rev": "9ed85f8afebf2b7478f25db0a98d0e782c0ed903",
        "type": "github"
      },
      "original": {
        "owner": "NixOS",
        "repo": "nixos-hardware",
        "type": "github"
      }
    },
    "nixpkgs": {
      "locked": {
        "lastModified": 1677676435,
        "narHash": "sha256-6FxdcmQr5JeZqsQvfinIMr0XcTyTuR7EXX0H3ANShpQ=",
        "owner": "NixOS",
        "repo": "nixpkgs",
        "rev": "a08d6979dd7c82c4cef0dcc6ac45ab16051c1169",
        "type": "github"
      },
      "original": {
        "owner": "NixOS",
        "ref": "nixos-unstable",
        "repo": "nixpkgs",
        "type": "github"
      }
    },
    "nixpkgs-23-11": {
      "locked": {
        "lastModified": 1717159533,
        "narHash": "sha256-oamiKNfr2MS6yH64rUn99mIZjc45nGJlj9eGth/3Xuw=",
        "owner": "NixOS",
        "repo": "nixpkgs",
        "rev": "a62e6edd6d5e1fa0329b8653c801147986f8d446",
        "type": "github"
      },
      "original": {
        "owner": "NixOS",
        "repo": "nixpkgs",
        "rev": "a62e6edd6d5e1fa0329b8653c801147986f8d446",
        "type": "github"
      }
    },
    "nixpkgs-lib": {
      "locked": {
        "dir": "lib",
        "lastModified": 1672350804,
        "narHash": "sha256-jo6zkiCabUBn3ObuKXHGqqORUMH27gYDIFFfLq5P4wg=",
        "owner": "NixOS",
        "repo": "nixpkgs",
        "rev": "677ed08a50931e38382dbef01cba08a8f7eac8f6",
        "type": "github"
      },
      "original": {
        "dir": "lib",
        "owner": "NixOS",
        "ref": "nixos-unstable",
        "repo": "nixpkgs",
        "type": "github"
      }
    },
    "nixpkgs-regression": {
      "locked": {
        "lastModified": 1643052045,
        "narHash": "sha256-uGJ0VXIhWKGXxkeNnq4TvV3CIOkUJ3PAoLZ3HMzNVMw=",
        "owner": "NixOS",
        "repo": "nixpkgs",
        "rev": "215d4d0fd80ca5163643b03a33fde804a29cc1e2",
        "type": "github"
      },
      "original": {
        "owner": "NixOS",
        "repo": "nixpkgs",
        "rev": "215d4d0fd80ca5163643b03a33fde804a29cc1e2",
        "type": "github"
      }
    },
    "nixpkgs-unfree": {
      "inputs": {
        "nixpkgs": [
          "nixpkgs"
        ]
      },
      "locked": {
        "lastModified": 1755249704,
        "narHash": "sha256-J1mqsd/gqZ32G3YOzWk9sppLbXXLEpu37hrZfRcTtdg=",
        "owner": "numtide",
        "repo": "nixpkgs-unfree",
        "rev": "12d82a604d21a65df008bdb1515eecb96f9e55dc",
        "type": "github"
      },
      "original": {
        "owner": "numtide",
        "repo": "nixpkgs-unfree",
        "type": "github"
      }
    },
    "nixpkgs_10": {
      "locked": {
        "lastModified": 1744536153,
        "narHash": "sha256-awS2zRgF4uTwrOKwwiJcByDzDOdo3Q1rPZbiHQg/N38=",
        "owner": "NixOS",
        "repo": "nixpkgs",
        "rev": "18dd725c29603f582cf1900e0d25f9f1063dbf11",
        "type": "github"
      },
      "original": {
        "owner": "NixOS",
        "ref": "nixpkgs-unstable",
        "repo": "nixpkgs",
        "type": "github"
      }
    },
    "nixpkgs_11": {
      "locked": {
        "lastModified": 1735471104,
        "narHash": "sha256-0q9NGQySwDQc7RhAV2ukfnu7Gxa5/ybJ2ANT8DQrQrs=",
        "owner": "nixos",
        "repo": "nixpkgs",
        "rev": "88195a94f390381c6afcdaa933c2f6ff93959cb4",
        "type": "github"
      },
      "original": {
        "owner": "nixos",
        "ref": "nixos-unstable",
        "repo": "nixpkgs",
        "type": "github"
      }
    },
    "nixpkgs_12": {
      "locked": {
        "lastModified": 1754214453,
        "narHash": "sha256-Q/I2xJn/j1wpkGhWkQnm20nShYnG7TI99foDBpXm1SY=",
        "owner": "NixOS",
        "repo": "nixpkgs",
        "rev": "5b09dc45f24cf32316283e62aec81ffee3c3e376",
        "type": "github"
      },
      "original": {
        "owner": "NixOS",
        "ref": "nixos-unstable",
        "repo": "nixpkgs",
        "type": "github"
      }
    },
    "nixpkgs_13": {
      "locked": {
        "lastModified": 1760038930,
        "narHash": "sha256-Oncbh0UmHjSlxO7ErQDM3KM0A5/Znfofj2BSzlHLeVw=",
        "owner": "NixOS",
        "repo": "nixpkgs",
        "rev": "0b4defa2584313f3b781240b29d61f6f9f7e0df3",
        "type": "github"
      },
      "original": {
        "owner": "NixOS",
        "ref": "nixos-unstable",
        "repo": "nixpkgs",
        "type": "github"
      }
    },
    "nixpkgs_14": {
      "locked": {
        "lastModified": 1759417375,
        "narHash": "sha256-O7eHcgkQXJNygY6AypkF9tFhsoDQjpNEojw3eFs73Ow=",
        "owner": "NixOS",
        "repo": "nixpkgs",
        "rev": "dc704e6102e76aad573f63b74c742cd96f8f1e6c",
        "type": "github"
      },
      "original": {
        "id": "nixpkgs",
        "ref": "nixpkgs-unstable",
        "type": "indirect"
      }
    },
    "nixpkgs_15": {
      "locked": {
        "lastModified": 1760038930,
        "narHash": "sha256-Oncbh0UmHjSlxO7ErQDM3KM0A5/Znfofj2BSzlHLeVw=",
        "owner": "nixos",
        "repo": "nixpkgs",
        "rev": "0b4defa2584313f3b781240b29d61f6f9f7e0df3",
        "type": "github"
      },
      "original": {
        "owner": "nixos",
        "ref": "nixos-unstable",
        "repo": "nixpkgs",
        "type": "github"
      }
    },
    "nixpkgs_16": {
      "locked": {
        "lastModified": 1698924604,
        "narHash": "sha256-GCFbkl2tj8fEZBZCw3Tc0AkGo0v+YrQlohhEGJ/X4s0=",
        "owner": "nixos",
        "repo": "nixpkgs",
        "rev": "fa804edfb7869c9fb230e174182a8a1a7e512c40",
        "type": "github"
      },
      "original": {
        "owner": "nixos",
        "ref": "nixos-unstable",
        "repo": "nixpkgs",
        "type": "github"
      }
    },
    "nixpkgs_17": {
      "locked": {
        "lastModified": 1719254875,
        "narHash": "sha256-ECni+IkwXjusHsm9Sexdtq8weAq/yUyt1TWIemXt3Ko=",
        "owner": "NixOS",
        "repo": "nixpkgs",
        "rev": "2893f56de08021cffd9b6b6dfc70fd9ccd51eb60",
        "type": "github"
      },
      "original": {
        "id": "nixpkgs",
        "type": "indirect"
      }
    },
    "nixpkgs_18": {
      "locked": {
        "lastModified": 1722403750,
        "narHash": "sha256-tRmn6UiFAPX0m9G1AVcEPjWEOc9BtGsxGcs7Bz3MpsM=",
        "owner": "nixos",
        "repo": "nixpkgs",
        "rev": "184957277e885c06a505db112b35dfbec7c60494",
        "type": "github"
      },
      "original": {
        "owner": "nixos",
        "repo": "nixpkgs",
        "rev": "184957277e885c06a505db112b35dfbec7c60494",
        "type": "github"
      }
    },
    "nixpkgs_19": {
      "locked": {
        "lastModified": 1750776420,
        "narHash": "sha256-/CG+w0o0oJ5itVklOoLbdn2dGB0wbZVOoDm4np6w09A=",
        "owner": "NixOS",
        "repo": "nixpkgs",
        "rev": "30a61f056ac492e3b7cdcb69c1e6abdcf00e39cf",
        "type": "github"
      },
      "original": {
        "owner": "NixOS",
        "ref": "nixos-unstable",
        "repo": "nixpkgs",
        "type": "github"
      }
    },
    "nixpkgs_2": {
      "locked": {
        "lastModified": 1747744144,
        "narHash": "sha256-W7lqHp0qZiENCDwUZ5EX/lNhxjMdNapFnbErcbnP11Q=",
        "owner": "NixOS",
        "repo": "nixpkgs",
        "rev": "2795c506fe8fb7b03c36ccb51f75b6df0ab2553f",
        "type": "github"
      },
      "original": {
        "owner": "NixOS",
        "ref": "nixos-unstable",
        "repo": "nixpkgs",
        "type": "github"
      }
    },
    "nixpkgs_20": {
      "locked": {
        "lastModified": 315532800,
        "narHash": "sha256-YPoFUJMpbuPvIS4FJBn2Sv/iWsui9S26gu2ufFWEY0g=",
        "rev": "a1f79a1770d05af18111fbbe2a3ab2c42c0f6cd0",
        "type": "tarball",
        "url": "https://releases.nixos.org/nixpkgs/nixpkgs-25.11pre864673.a1f79a1770d0/nixexprs.tar.xz"
      },
      "original": {
        "type": "tarball",
        "url": "https://channels.nixos.org/nixpkgs-unstable/nixexprs.tar.xz"
      }
    },
    "nixpkgs_3": {
      "locked": {
        "lastModified": 1760164275,
        "narHash": "sha256-gKl2Gtro/LNf8P+4L3S2RsZ0G390ccd5MyXYrTdMCFE=",
        "owner": "NixOS",
        "repo": "nixpkgs",
        "rev": "362791944032cb532aabbeed7887a441496d5e6e",
        "type": "github"
      },
      "original": {
        "owner": "NixOS",
        "ref": "nixpkgs-unstable",
        "repo": "nixpkgs",
        "type": "github"
      }
    },
    "nixpkgs_4": {
      "locked": {
        "lastModified": 1760038930,
        "narHash": "sha256-Oncbh0UmHjSlxO7ErQDM3KM0A5/Znfofj2BSzlHLeVw=",
        "owner": "NixOS",
        "repo": "nixpkgs",
        "rev": "0b4defa2584313f3b781240b29d61f6f9f7e0df3",
        "type": "github"
      },
      "original": {
        "owner": "NixOS",
        "ref": "nixos-unstable",
        "repo": "nixpkgs",
        "type": "github"
      }
    },
    "nixpkgs_5": {
      "locked": {
        "lastModified": 1755922037,
        "narHash": "sha256-wY1+2JPH0ZZC4BQefoZw/k+3+DowFyfOxv17CN/idKs=",
        "rev": "b1b3291469652d5a2edb0becc4ef0246fff97a7c",
        "revCount": 808723,
        "type": "tarball",
        "url": "https://api.flakehub.com/f/pinned/NixOS/nixpkgs/0.2505.808723%2Brev-b1b3291469652d5a2edb0becc4ef0246fff97a7c/0198daf7-011a-7703-95d7-57146e794342/source.tar.gz"
      },
      "original": {
        "type": "tarball",
        "url": "https://flakehub.com/f/NixOS/nixpkgs/0.2505"
      }
    },
    "nixpkgs_6": {
      "locked": {
        "lastModified": 1746576598,
        "narHash": "sha256-FshoQvr6Aor5SnORVvh/ZdJ1Sa2U4ZrIMwKBX5k2wu0=",
        "owner": "NixOS",
        "repo": "nixpkgs",
        "rev": "b3582c75c7f21ce0b429898980eddbbf05c68e55",
        "type": "github"
      },
      "original": {
        "owner": "NixOS",
        "ref": "nixpkgs-unstable",
        "repo": "nixpkgs",
        "type": "github"
      }
    },
    "nixpkgs_7": {
      "locked": {
        "lastModified": 1759381078,
        "narHash": "sha256-gTrEEp5gEspIcCOx9PD8kMaF1iEmfBcTbO0Jag2QhQs=",
        "owner": "nixos",
        "repo": "nixpkgs",
        "rev": "7df7ff7d8e00218376575f0acdcc5d66741351ee",
        "type": "github"
      },
      "original": {
        "owner": "nixos",
        "ref": "nixos-unstable",
        "repo": "nixpkgs",
        "type": "github"
      }
    },
    "nixpkgs_8": {
      "locked": {
        "lastModified": 1712163089,
        "narHash": "sha256-Um+8kTIrC19vD4/lUCN9/cU9kcOsD1O1m+axJqQPyMM=",
        "owner": "NixOS",
        "repo": "nixpkgs",
        "rev": "fd281bd6b7d3e32ddfa399853946f782553163b5",
        "type": "github"
      },
      "original": {
        "owner": "NixOS",
        "ref": "nixos-unstable",
        "repo": "nixpkgs",
        "type": "github"
      }
    },
    "nixpkgs_9": {
      "locked": {
        "lastModified": 1758277210,
        "narHash": "sha256-iCGWf/LTy+aY0zFu8q12lK8KuZp7yvdhStehhyX1v8w=",
        "owner": "NixOS",
        "repo": "nixpkgs",
        "rev": "8eaee110344796db060382e15d3af0a9fc396e0e",
        "type": "github"
      },
      "original": {
        "owner": "NixOS",
        "ref": "nixos-unstable",
        "repo": "nixpkgs",
        "type": "github"
      }
    },
    "nwg-display": {
      "inputs": {
        "flake-parts": "flake-parts_3",
        "nixpkgs": "nixpkgs_16"
      },
      "locked": {
        "lastModified": 1756339340,
        "narHash": "sha256-UeALCkmDAXb/gu+Mp3xnHmUPOvYHk3LzegO2CbIh4ak=",
        "owner": "nwg-piotr",
        "repo": "nwg-displays",
        "rev": "f57c0e973bb00dbf71285cd1333f612b1c5aa167",
        "type": "github"
      },
      "original": {
        "owner": "nwg-piotr",
        "repo": "nwg-displays",
        "type": "github"
      }
    },
    "openconnect-sso": {
      "inputs": {
        "flake-utils": "flake-utils_3",
        "nix-github-actions": "nix-github-actions_2",
        "nixpkgs": "nixpkgs_17",
        "poetry2nix": "poetry2nix",
        "systems": "systems_6",
        "treefmt-nix": "treefmt-nix"
      },
      "locked": {
        "lastModified": 1758594056,
        "narHash": "sha256-6XyKDRWqBngw1g73e789iyIaw/0VF04ELk/ATtlkTVU=",
        "owner": "ThinkChaos",
        "repo": "openconnect-sso",
        "rev": "2041471efd331d0591d34e122aefb02690fb233a",
        "type": "github"
      },
      "original": {
        "owner": "ThinkChaos",
        "ref": "fix/nix-flake",
        "repo": "openconnect-sso",
        "type": "github"
      }
    },
    "poetry2nix": {
      "inputs": {
        "flake-utils": [
          "openconnect-sso",
          "flake-utils"
        ],
        "nix-github-actions": [
          "openconnect-sso",
          "nix-github-actions"
        ],
        "nixpkgs": [
          "openconnect-sso",
          "nixpkgs"
        ],
        "systems": [
          "openconnect-sso",
          "systems"
        ],
        "treefmt-nix": [
          "openconnect-sso",
          "treefmt-nix"
        ]
      },
      "locked": {
        "lastModified": 1721039874,
        "narHash": "sha256-XANsG9GYHip8pxZpbqKf/YGv8tIa0xTh289Y+WNBNfw=",
        "owner": "nix-community",
        "repo": "poetry2nix",
        "rev": "d11c01e58587e5f21037ed6477465a7f26a32e27",
        "type": "github"
      },
      "original": {
        "owner": "nix-community",
        "repo": "poetry2nix",
        "type": "github"
      }
    },
    "roc": {
      "inputs": {
        "flake-compat": "flake-compat_3",
        "flake-utils": "flake-utils_4",
        "nixpkgs": "nixpkgs_18",
        "rust-overlay": "rust-overlay_4"
      },
      "locked": {
        "lastModified": 1760348020,
        "narHash": "sha256-zfH0u9RaMw2Kx8jFHVpoXJT2Hz0gxBC9zBK8vh2V/OM=",
        "owner": "roc-lang",
        "repo": "roc",
        "rev": "d7284a5fb3bc7550126e41d03613e87d8f04d285",
        "type": "github"
      },
      "original": {
        "owner": "roc-lang",
        "repo": "roc",
        "type": "github"
      }
    },
    "root": {
      "inputs": {
        "agenix": "agenix",
        "automatic-sunset": "automatic-sunset",
        "betterfox": "betterfox",
        "blueprint": "blueprint_2",
        "chaotic": "chaotic",
        "determinate-nix": "determinate-nix",
        "disko": "disko",
        "helix": "helix",
        "home-manager": "home-manager_3",
        "hyprland-contrib": "hyprland-contrib",
        "iwmenu": "iwmenu",
        "marble": "marble",
        "nix-dram": "nix-dram",
        "nix-index-database": "nix-index-database",
        "nix-userstyles": "nix-userstyles",
        "nixos-apple-silicon": "nixos-apple-silicon",
        "nixos-hardware": "nixos-hardware",
        "nixpkgs": "nixpkgs_15",
        "nixpkgs-unfree": "nixpkgs-unfree",
        "nwg-display": "nwg-display",
        "openconnect-sso": "openconnect-sso",
        "roc": "roc",
        "titdb": "titdb",
        "zed": "zed"
      }
    },
    "rust-overlay": {
      "inputs": {
        "nixpkgs": [
          "chaotic",
          "nixpkgs"
        ]
      },
      "locked": {
        "lastModified": 1760236527,
        "narHash": "sha256-h9+WEQtUIZaZMvA1pnbZbMM+5X39OFnW92Q8hNoToD0=",
        "owner": "oxalica",
        "repo": "rust-overlay",
        "rev": "a38dd7f462825c75ce8567816ae38c2e7d826bfa",
        "type": "github"
      },
      "original": {
        "owner": "oxalica",
        "repo": "rust-overlay",
        "type": "github"
      }
    },
    "rust-overlay_2": {
      "inputs": {
        "nixpkgs": [
          "helix",
          "nixpkgs"
        ]
      },
      "locked": {
        "lastModified": 1759631821,
        "narHash": "sha256-V8A1L0FaU/aSXZ1QNJScxC12uP4hANeRBgI4YdhHeRM=",
        "owner": "oxalica",
        "repo": "rust-overlay",
        "rev": "1d7cbdaad90f8a5255a89a6eddd8af24dc89cafe",
        "type": "github"
      },
      "original": {
        "owner": "oxalica",
        "repo": "rust-overlay",
        "type": "github"
      }
    },
    "rust-overlay_3": {
      "inputs": {
        "nixpkgs": "nixpkgs_10"
      },
      "locked": {
        "lastModified": 1758508617,
        "narHash": "sha256-kx2uELmVnAbiekj/YFfWR26OXqXedImkhe2ocnbumTA=",
        "owner": "oxalica",
        "repo": "rust-overlay",
        "rev": "d2bac276ac7e669a1f09c48614538a37e3eb6d0f",
        "type": "github"
      },
      "original": {
        "owner": "oxalica",
        "repo": "rust-overlay",
        "type": "github"
      }
    },
    "rust-overlay_4": {
      "inputs": {
        "nixpkgs": [
          "roc",
          "nixpkgs"
        ]
      },
      "locked": {
        "lastModified": 1736303309,
        "narHash": "sha256-IKrk7RL+Q/2NC6+Ql6dwwCNZI6T6JH2grTdJaVWHF0A=",
        "owner": "oxalica",
        "repo": "rust-overlay",
        "rev": "a0b81d4fa349d9af1765b0f0b4a899c13776f706",
        "type": "github"
      },
      "original": {
        "owner": "oxalica",
        "repo": "rust-overlay",
        "type": "github"
      }
    },
    "rust-overlay_5": {
      "inputs": {
        "nixpkgs": [
          "zed",
          "nixpkgs"
        ]
      },
      "locked": {
        "lastModified": 1758508617,
        "narHash": "sha256-kx2uELmVnAbiekj/YFfWR26OXqXedImkhe2ocnbumTA=",
        "owner": "oxalica",
        "repo": "rust-overlay",
        "rev": "d2bac276ac7e669a1f09c48614538a37e3eb6d0f",
        "type": "github"
      },
      "original": {
        "owner": "oxalica",
        "repo": "rust-overlay",
        "type": "github"
      }
    },
    "systems": {
      "locked": {
        "lastModified": 1681028828,
        "narHash": "sha256-Vy1rq5AaRuLzOxct8nz4T6wlgyUR7zLU309k9mBC768=",
        "owner": "nix-systems",
        "repo": "default",
        "rev": "da67096a3b9bf56a91d16901293e51ba5b49a27e",
        "type": "github"
      },
      "original": {
        "owner": "nix-systems",
        "repo": "default",
        "type": "github"
      }
    },
    "systems_2": {
      "locked": {
        "lastModified": 1681028828,
        "narHash": "sha256-Vy1rq5AaRuLzOxct8nz4T6wlgyUR7zLU309k9mBC768=",
        "owner": "nix-systems",
        "repo": "default",
        "rev": "da67096a3b9bf56a91d16901293e51ba5b49a27e",
        "type": "github"
      },
      "original": {
        "owner": "nix-systems",
        "repo": "default",
        "type": "github"
      }
    },
    "systems_3": {
      "locked": {
        "lastModified": 1681028828,
        "narHash": "sha256-Vy1rq5AaRuLzOxct8nz4T6wlgyUR7zLU309k9mBC768=",
        "owner": "nix-systems",
        "repo": "default",
        "rev": "da67096a3b9bf56a91d16901293e51ba5b49a27e",
        "type": "github"
      },
      "original": {
        "owner": "nix-systems",
        "repo": "default",
        "type": "github"
      }
    },
    "systems_4": {
      "locked": {
        "lastModified": 1681028828,
        "narHash": "sha256-Vy1rq5AaRuLzOxct8nz4T6wlgyUR7zLU309k9mBC768=",
        "owner": "nix-systems",
        "repo": "default",
        "rev": "da67096a3b9bf56a91d16901293e51ba5b49a27e",
        "type": "github"
      },
      "original": {
        "owner": "nix-systems",
        "repo": "default",
        "type": "github"
      }
    },
    "systems_5": {
      "locked": {
        "lastModified": 1681028828,
        "narHash": "sha256-Vy1rq5AaRuLzOxct8nz4T6wlgyUR7zLU309k9mBC768=",
        "owner": "nix-systems",
        "repo": "default",
        "rev": "da67096a3b9bf56a91d16901293e51ba5b49a27e",
        "type": "github"
      },
      "original": {
        "owner": "nix-systems",
        "repo": "default",
        "type": "github"
      }
    },
    "systems_6": {
      "locked": {
        "lastModified": 1681028828,
        "narHash": "sha256-Vy1rq5AaRuLzOxct8nz4T6wlgyUR7zLU309k9mBC768=",
        "owner": "nix-systems",
        "repo": "default",
        "rev": "da67096a3b9bf56a91d16901293e51ba5b49a27e",
        "type": "github"
      },
      "original": {
        "owner": "nix-systems",
        "repo": "default",
        "type": "github"
      }
    },
    "systems_7": {
      "locked": {
        "lastModified": 1681028828,
        "narHash": "sha256-Vy1rq5AaRuLzOxct8nz4T6wlgyUR7zLU309k9mBC768=",
        "owner": "nix-systems",
        "repo": "default",
        "rev": "da67096a3b9bf56a91d16901293e51ba5b49a27e",
        "type": "github"
      },
      "original": {
        "owner": "nix-systems",
        "repo": "default",
        "type": "github"
      }
    },
    "systems_8": {
      "locked": {
        "lastModified": 1681028828,
        "narHash": "sha256-Vy1rq5AaRuLzOxct8nz4T6wlgyUR7zLU309k9mBC768=",
        "owner": "nix-systems",
        "repo": "default",
        "rev": "da67096a3b9bf56a91d16901293e51ba5b49a27e",
        "type": "github"
      },
      "original": {
        "owner": "nix-systems",
        "repo": "default",
        "type": "github"
      }
    },
    "titdb": {
      "inputs": {
        "flake-utils": "flake-utils_5",
        "nixpkgs": "nixpkgs_19"
      },
      "locked": {
        "lastModified": 1756252408,
        "narHash": "sha256-BfGosw3f4pGHLx1lJ7rbVkkzjUQiZyAJVndneSrvC6Y=",
        "owner": "GarrettGR",
        "repo": "titdb-nix",
        "rev": "c83429400648cdc74c2ef8fdd3b6bfbc48b44f04",
        "type": "github"
      },
      "original": {
        "owner": "GarrettGR",
        "repo": "titdb-nix",
        "type": "github"
      }
    },
    "treefmt-nix": {
      "inputs": {
        "nixpkgs": [
          "openconnect-sso",
          "nixpkgs"
        ]
      },
      "locked": {
        "lastModified": 1721769617,
        "narHash": "sha256-6Pqa0bi5nV74IZcENKYRToRNM5obo1EQ+3ihtunJ014=",
        "owner": "numtide",
        "repo": "treefmt-nix",
        "rev": "8db8970be1fb8be9c845af7ebec53b699fe7e009",
        "type": "github"
      },
      "original": {
        "owner": "numtide",
        "repo": "treefmt-nix",
        "type": "github"
      }
    },
    "zed": {
      "inputs": {
        "crane": "crane",
        "flake-compat": "flake-compat_4",
        "nixpkgs": "nixpkgs_20",
        "rust-overlay": "rust-overlay_5"
      },
      "locked": {
        "lastModified": 1760339104,
        "narHash": "sha256-Uahfv/u99mB7uTibPQpUf7VepXY4gWZKhG40seZeTXI=",
        "owner": "zed-industries",
        "repo": "zed",
        "rev": "95780e5bafe656ee4f365912273b9a115e500fe0",
        "type": "github"
      },
      "original": {
        "owner": "zed-industries",
        "ref": "nightly",
        "repo": "zed",
        "type": "github"
      }
    }
  },
  "root": "root",
  "version": 7
}
