{
  "nodes": {
    "agenix": {
      "inputs": {
        "darwin": "darwin",
        "home-manager": "home-manager",
        "nixpkgs": "nixpkgs"
      },
      "locked": {
        "lastModified": 1703089996,
        "narHash": "sha256-ipqShkBmHKC9ft1ZAsA6aeKps32k7+XZSPwfxeHLsAU=",
        "rev": "564595d0ad4be7277e07fa63b5a991b3c645655d",
        "revCount": 278,
        "type": "tarball",
        "url": "https://api.flakehub.com/f/pinned/ryantm/agenix/0.15.0/018c881e-46d7-7e8a-88a8-5ee002de40f4/source.tar.gz?rev=564595d0ad4be7277e07fa63b5a991b3c645655d&revCount=278"
      },
      "original": {
        "type": "tarball",
        "url": "https://flakehub.com/f/ryantm/agenix/0.15.tar.gz"
      }
    },
    "darwin": {
      "inputs": {
        "nixpkgs": [
          "agenix",
          "nixpkgs"
        ]
      },
      "locked": {
        "lastModified": 1673295039,
        "narHash": "sha256-AsdYgE8/GPwcelGgrntlijMg4t3hLFJFCRF3tL5WVjA=",
        "owner": "lnl7",
        "repo": "nix-darwin",
        "rev": "87b9d090ad39b25b2400029c64825fc2a8868943",
        "type": "github"
      },
      "original": {
        "owner": "lnl7",
        "ref": "master",
        "repo": "nix-darwin",
        "type": "github"
      }
    },
    "disko": {
      "inputs": {
        "nixpkgs": "nixpkgs_2"
      },
      "locked": {
        "lastModified": 1734088167,
        "narHash": "sha256-snPBgTqwn3FPZVdFC5yt7Bnk3squim1vZOZ8CObWykk=",
        "rev": "65a441502c9382d41ada1adbc9bd31d6c9b00fe2",
        "revCount": 1138,
        "type": "tarball",
        "url": "https://api.flakehub.com/f/pinned/nix-community/disko/1.10.0/0193bfb7-20fb-7608-9c24-6b58f0028fe1/source.tar.gz?rev=65a441502c9382d41ada1adbc9bd31d6c9b00fe2&revCount=1138"
      },
      "original": {
        "type": "tarball",
        "url": "https://flakehub.com/f/nix-community/disko/1.tar.gz"
      }
    },
    "home-manager": {
      "inputs": {
        "nixpkgs": [
          "agenix",
          "nixpkgs"
        ]
      },
      "locked": {
        "lastModified": 1682203081,
        "narHash": "sha256-kRL4ejWDhi0zph/FpebFYhzqlOBrk0Pl3dzGEKSAlEw=",
        "owner": "nix-community",
        "repo": "home-manager",
        "rev": "32d3e39c491e2f91152c84f8ad8b003420eab0a1",
        "type": "github"
      },
      "original": {
        "owner": "nix-community",
        "repo": "home-manager",
        "type": "github"
      }
    },
    "nixos-hardware": {
      "locked": {
        "lastModified": 1734954597,
        "narHash": "sha256-QIhd8/0x30gEv8XEE1iAnrdMlKuQ0EzthfDR7Hwl+fk=",
        "owner": "NixOS",
        "repo": "nixos-hardware",
        "rev": "def1d472c832d77885f174089b0d34854b007198",
        "type": "github"
      },
      "original": {
        "owner": "NixOS",
        "repo": "nixos-hardware",
        "type": "github"
      }
    },
    "nixpkgs": {
      "locked": {
        "lastModified": 1677676435,
        "narHash": "sha256-6FxdcmQr5JeZqsQvfinIMr0XcTyTuR7EXX0H3ANShpQ=",
        "owner": "NixOS",
        "repo": "nixpkgs",
        "rev": "a08d6979dd7c82c4cef0dcc6ac45ab16051c1169",
        "type": "github"
      },
      "original": {
        "owner": "NixOS",
        "ref": "nixos-unstable",
        "repo": "nixpkgs",
        "type": "github"
      }
    },
    "nixpkgs_2": {
      "locked": {
        "lastModified": 1733749988,
        "narHash": "sha256-+5qdtgXceqhK5ZR1YbP1fAUsweBIrhL38726oIEAtDs=",
        "owner": "NixOS",
        "repo": "nixpkgs",
        "rev": "bc27f0fde01ce4e1bfec1ab122d72b7380278e68",
        "type": "github"
      },
      "original": {
        "owner": "NixOS",
        "ref": "nixpkgs-unstable",
        "repo": "nixpkgs",
        "type": "github"
      }
    },
    "nixpkgs_3": {
      "locked": {
        "lastModified": 1734991663,
        "narHash": "sha256-8T660guvdaOD+2/Cj970bWlQwAyZLKrrbkhYOFcY1YE=",
        "owner": "nixos",
        "repo": "nixpkgs",
        "rev": "6c90912761c43e22b6fb000025ab96dd31c971ff",
        "type": "github"
      },
      "original": {
        "owner": "nixos",
        "ref": "nixos-24.11",
        "repo": "nixpkgs",
        "type": "github"
      }
    },
    "root": {
      "inputs": {
        "agenix": "agenix",
        "disko": "disko",
        "nixos-hardware": "nixos-hardware",
        "nixpkgs": "nixpkgs_3"
      }
    }
  },
  "root": "root",
  "version": 7
}
